{
  "nodes": {
    "nixpkgs": {
      "locked": {
        "lastModified": 1732381114,
        "narHash": "sha256-No8CGWtCXBUSZOSGqv6gxboMWCeSb+2/Ge/ejJMldDY=",
        "owner": "nixos",
        "repo": "nixpkgs",
        "rev": "8ee6495436ee25263354070f926e0974333ce794",
        "type": "github"
      },
      "original": {
        "owner": "nixos",
        "ref": "release-24.05",
        "repo": "nixpkgs",
        "type": "github"
      }
    },
    "root": {
      "inputs": {
        "nixpkgs": "nixpkgs"
      }
    }
  },
  "root": "root",
  "version": 7
}
