{
  "nodes": {
    "nixpkgs": {
      "locked": {
        "lastModified": 1753687905,
        "narHash": "sha256-HkYcglocVUAHYcVd6sOa3n4zFxvFvGvzoZtlC9bZHCM=",
        "owner": "nixos",
        "repo": "nixpkgs",
        "rev": "bf24477582d543e5deb2b2459baf2dbff88c964d",
        "type": "github"
      },
      "original": {
        "owner": "nixos",
        "ref": "release-25.05",
        "repo": "nixpkgs",
        "type": "github"
      }
    },
    "root": {
      "inputs": {
        "nixpkgs": "nixpkgs"
      }
    }
  },
  "root": "root",
  "version": 7
}
